
Microsoft Visual Studio Solution File, Format Version 12.00
# Visual Studio Version 17
VisualStudioVersion = 17.3.32819.101
MinimumVisualStudioVersion = 10.0.40219.1
Project("{FAE04EC0-301F-11D3-BF4B-00C04F79EFBC}") = "VoicevoxCoreNet", "VoicevoxCoreNet\VoicevoxCoreNet.csproj", "{838D8484-5EFE-4B55-B21B-E67E65343FB5}"
EndProject
Project("{FAE04EC0-301F-11D3-BF4B-00C04F79EFBC}") = "VoicevoxCoreNet.Tests", "VoicevoxCoreNet.Tests\VoicevoxCoreNet.Tests.csproj", "{6D78E7B8-5A30-4508-9589-BE8A9E5D2B2A}"
EndProject
Global
	GlobalSection(SolutionConfigurationPlatforms) = preSolution
		Debug|Any CPU = Debug|Any CPU
		Release|Any CPU = Release|Any CPU
	EndGlobalSection
	GlobalSection(ProjectConfigurationPlatforms) = postSolution
		{838D8484-5EFE-4B55-B21B-E67E65343FB5}.Debug|Any CPU.ActiveCfg = Debug|Any CPU
		{838D8484-5EFE-4B55-B21B-E67E65343FB5}.Debug|Any CPU.Build.0 = Debug|Any CPU
		{838D8484-5EFE-4B55-B21B-E67E65343FB5}.Release|Any CPU.ActiveCfg = Release|Any CPU
		{838D8484-5EFE-4B55-B21B-E67E65343FB5}.Release|Any CPU.Build.0 = Release|Any CPU
		{6D78E7B8-5A30-4508-9589-BE8A9E5D2B2A}.Debug|Any CPU.ActiveCfg = Debug|Any CPU
		{6D78E7B8-5A30-4508-9589-BE8A9E5D2B2A}.Debug|Any CPU.Build.0 = Debug|Any CPU
		{6D78E7B8-5A30-4508-9589-BE8A9E5D2B2A}.Release|Any CPU.ActiveCfg = Release|Any CPU
		{6D78E7B8-5A30-4508-9589-BE8A9E5D2B2A}.Release|Any CPU.Build.0 = Release|Any CPU
	EndGlobalSection
	GlobalSection(SolutionProperties) = preSolution
		HideSolutionNode = FALSE
	EndGlobalSection
	GlobalSection(ExtensibilityGlobals) = postSolution
		SolutionGuid = {5B6ABEAB-027F-42F8-9C74-4FD77F89AEF5}
	EndGlobalSection
EndGlobal
